
Microsoft Visual Studio Solution File, Format Version 12.00
# Visual Studio Version 16
VisualStudioVersion = 16.0.29613.14
MinimumVisualStudioVersion = 10.0.40219.1
Project("{FAE04EC0-301F-11D3-BF4B-00C04F79EFBC}") = "CoreERP", "CoreERP\CoreERP.csproj", "{6398E381-E92F-4341-886A-3B9B697A5416}"
EndProject
Global
	GlobalSection(SolutionConfigurationPlatforms) = preSolution
		Debug|Any CPU = Debug|Any CPU
		Release|Any CPU = Release|Any CPU
	EndGlobalSection
	GlobalSection(ProjectConfigurationPlatforms) = postSolution
		{6398E381-E92F-4341-886A-3B9B697A5416}.Debug|Any CPU.ActiveCfg = Debug|Any CPU
		{6398E381-E92F-4341-886A-3B9B697A5416}.Debug|Any CPU.Build.0 = Debug|Any CPU
		{6398E381-E92F-4341-886A-3B9B697A5416}.Release|Any CPU.ActiveCfg = Release|Any CPU
		{6398E381-E92F-4341-886A-3B9B697A5416}.Release|Any CPU.Build.0 = Release|Any CPU
	EndGlobalSection
	GlobalSection(SolutionProperties) = preSolution
		HideSolutionNode = FALSE
	EndGlobalSection
	GlobalSection(ExtensibilityGlobals) = postSolution
		SolutionGuid = {6ED4A62E-F959-47E8-9015-0E3D950B00E2}
	EndGlobalSection
EndGlobal
